<?xml version="1.0" encoding="utf-8"?>
<Project ToolsVersion="4.0" xmlns="http://schemas.microsoft.com/developer/msbuild/2003">
  <ItemGroup>
    <Filter Include="소스 파일">
      <UniqueIdentifier>{4FC737F1-C7A5-4376-A066-2A32D752A2FF}</UniqueIdentifier>
      <Extensions>cpp;c;cc;cxx;c++;cppm;ixx;def;odl;idl;hpj;bat;asm;asmx</Extensions>
    </Filter>
    <Filter Include="헤더 파일">
      <UniqueIdentifier>{93995380-89BD-4b04-88EB-625FBE52EBFB}</UniqueIdentifier>
      <Extensions>h;hh;hpp;hxx;h++;hm;inl;inc;ipp;xsd</Extensions>
    </Filter>
    <Filter Include="리소스 파일">
      <UniqueIdentifier>{67DA6AB6-F800-4c08-8B7A-83BB121AAD01}</UniqueIdentifier>
      <Extensions>rc;ico;cur;bmp;dlg;rc2;rct;bin;rgs;gif;jpg;jpeg;jpe;resx;tiff;tif;png;wav;mfcribbon-ms</Extensions>
    </Filter>
  </ItemGroup>
  <ItemGroup>
    <ClCompile Include="1406BOJ.cpp">
      <Filter>소스 파일</Filter>
    </ClCompile>
    <ClCompile Include="5397BOJ.cpp">
      <Filter>소스 파일</Filter>
    </ClCompile>
    <ClCompile Include="1158BOJ.cpp">
      <Filter>소스 파일</Filter>
    </ClCompile>
    <ClCompile Include="1874BOJ.cpp">
      <Filter>소스 파일</Filter>
    </ClCompile>
    <ClCompile Include="2493BOJ.cpp">
      <Filter>소스 파일</Filter>
    </ClCompile>
    <ClCompile Include="6198BOJ.cpp">
      <Filter>소스 파일</Filter>
    </ClCompile>
    <ClCompile Include="17298BOJ.cpp">
      <Filter>소스 파일</Filter>
    </ClCompile>
    <ClCompile Include="3015BOJ.cpp">
      <Filter>소스 파일</Filter>
    </ClCompile>
    <ClCompile Include="6549BOJ_미해결.cpp">
      <Filter>소스 파일</Filter>
    </ClCompile>
    <ClCompile Include="1021BOJ.cpp">
      <Filter>소스 파일</Filter>
    </ClCompile>
    <ClCompile Include="5430BOJ.cpp">
      <Filter>소스 파일</Filter>
    </ClCompile>
    <ClCompile Include="11003BOJ.cpp">
      <Filter>소스 파일</Filter>
    </ClCompile>
    <ClCompile Include="3986BOJ.cpp">
      <Filter>소스 파일</Filter>
    </ClCompile>
    <ClCompile Include="10799BOJ.cpp">
      <Filter>소스 파일</Filter>
    </ClCompile>
    <ClCompile Include="1926BOJ.cpp">
      <Filter>소스 파일</Filter>
    </ClCompile>
    <ClCompile Include="2504BOJ.cpp">
      <Filter>소스 파일</Filter>
    </ClCompile>
    <ClCompile Include="2178BOJ.cpp">
      <Filter>소스 파일</Filter>
    </ClCompile>
    <ClCompile Include="7576BOJ.cpp">
      <Filter>소스 파일</Filter>
    </ClCompile>
    <ClCompile Include="4179BOJ.cpp">
      <Filter>소스 파일</Filter>
    </ClCompile>
    <ClCompile Include="1697BOJ.cpp">
      <Filter>소스 파일</Filter>
    </ClCompile>
    <ClCompile Include="1012BOJ.cpp">
      <Filter>소스 파일</Filter>
    </ClCompile>
    <ClCompile Include="10026BOJ.cpp">
      <Filter>소스 파일</Filter>
    </ClCompile>
    <ClCompile Include="7569BOJ.cpp">
      <Filter>소스 파일</Filter>
    </ClCompile>
    <ClCompile Include="7562BOJ.cpp">
      <Filter>소스 파일</Filter>
    </ClCompile>
    <ClCompile Include="5427BOJ.cpp">
      <Filter>소스 파일</Filter>
    </ClCompile>
    <ClCompile Include="2583BOJ.cpp">
      <Filter>소스 파일</Filter>
    </ClCompile>
    <ClCompile Include="2667BOJ.cpp">
      <Filter>소스 파일</Filter>
    </ClCompile>
    <ClCompile Include="5014BOJ.cpp">
      <Filter>소스 파일</Filter>
    </ClCompile>
    <ClCompile Include="2468BOJ.cpp">
      <Filter>소스 파일</Filter>
    </ClCompile>
    <ClCompile Include="6593BOJ _상범 빌딩.cpp">
      <Filter>소스 파일</Filter>
    </ClCompile>
    <ClCompile Include="2206BOJ.cpp">
      <Filter>소스 파일</Filter>
    </ClCompile>
    <ClCompile Include="9466BOJ_텀프로젝트.cpp">
      <Filter>소스 파일</Filter>
    </ClCompile>
    <ClCompile Include="2573BOJ_빙산_미해결%28시간초과%29.cpp">
      <Filter>소스 파일</Filter>
    </ClCompile>
    <ClCompile Include="2573BOJ_빙산.cpp">
      <Filter>소스 파일</Filter>
    </ClCompile>
    <ClCompile Include="2146BOJ_다리 만들기.cpp">
      <Filter>소스 파일</Filter>
    </ClCompile>
    <ClCompile Include="2146BOJ_다리 만들기_ 별해.cpp">
      <Filter>소스 파일</Filter>
    </ClCompile>
    <ClCompile Include="12851BOJ_숨바꼭질2.cpp">
      <Filter>소스 파일</Filter>
    </ClCompile>
    <ClCompile Include="13549BOJ_숨바꼭질3.cpp">
      <Filter>소스 파일</Filter>
    </ClCompile>
    <ClCompile Include="13549BOJ_숨바꼭질3_별해_99%25.cpp">
      <Filter>소스 파일</Filter>
    </ClCompile>
    <ClCompile Include="1600BOJ_말이 되고픈 원숭이_미해결.cpp">
      <Filter>소스 파일</Filter>
    </ClCompile>
    <ClCompile Include="13913BOJ_숨바꼭질 4.cpp">
      <Filter>소스 파일</Filter>
    </ClCompile>
    <ClCompile Include="14442BOJ_벽 부수고 이동하기 2_미해결.cpp">
      <Filter>소스 파일</Filter>
    </ClCompile>
    <ClCompile Include="16933BOJ_벽 부수고 이동하기 3.cpp">
      <Filter>소스 파일</Filter>
    </ClCompile>
    <ClCompile Include="16920BOJ_확장 게임.cpp">
      <Filter>소스 파일</Filter>
    </ClCompile>
    <ClCompile Include="11967BOJ_불켜기.cpp">
      <Filter>소스 파일</Filter>
    </ClCompile>
    <ClCompile Include="17071BOJ_숨바꼭질 5.cpp">
      <Filter>소스 파일</Filter>
    </ClCompile>
    <ClCompile Include="9328BOJ_열쇠_미해결.cpp">
      <Filter>소스 파일</Filter>
    </ClCompile>
    <ClCompile Include="3197BOJ_백조의 호수.cpp">
      <Filter>소스 파일</Filter>
    </ClCompile>
    <ClCompile Include="20304BOJ_비밀번호 제작.cpp">
      <Filter>소스 파일</Filter>
    </ClCompile>
    <ClCompile Include="1629BOJ_곱셈.cpp">
      <Filter>소스 파일</Filter>
    </ClCompile>
    <ClCompile Include="11729BOJ_하노이 탑 이동 순서.cpp">
      <Filter>소스 파일</Filter>
    </ClCompile>
    <ClCompile Include="1074BOJ_Z.cpp">
      <Filter>소스 파일</Filter>
    </ClCompile>
    <ClCompile Include="17478BOJ_재귀함수가 뭔가요.cpp">
      <Filter>소스 파일</Filter>
    </ClCompile>
    <ClCompile Include="1780BOJ_종이의 개수.cpp">
      <Filter>소스 파일</Filter>
    </ClCompile>
    <ClCompile Include="2630BOJ_색종이 만들기.cpp">
      <Filter>소스 파일</Filter>
    </ClCompile>
    <ClCompile Include="1992BOJ_쿼드트리.cpp">
      <Filter>소스 파일</Filter>
    </ClCompile>
    <ClCompile Include="2447BOJ_별 찍기 - 10.cpp">
      <Filter>소스 파일</Filter>
    </ClCompile>
  </ItemGroup>
</Project>