<?xml version="1.0" encoding="utf-8"?>
<Project ToolsVersion="4.0" xmlns="http://schemas.microsoft.com/developer/msbuild/2003">
  <ItemGroup>
    <Filter Include="소스 파일">
      <UniqueIdentifier>{4FC737F1-C7A5-4376-A066-2A32D752A2FF}</UniqueIdentifier>
      <Extensions>cpp;c;cc;cxx;c++;cppm;ixx;def;odl;idl;hpj;bat;asm;asmx</Extensions>
    </Filter>
    <Filter Include="헤더 파일">
      <UniqueIdentifier>{93995380-89BD-4b04-88EB-625FBE52EBFB}</UniqueIdentifier>
      <Extensions>h;hh;hpp;hxx;h++;hm;inl;inc;ipp;xsd</Extensions>
    </Filter>
    <Filter Include="리소스 파일">
      <UniqueIdentifier>{67DA6AB6-F800-4c08-8B7A-83BB121AAD01}</UniqueIdentifier>
      <Extensions>rc;ico;cur;bmp;dlg;rc2;rct;bin;rgs;gif;jpg;jpeg;jpe;resx;tiff;tif;png;wav;mfcribbon-ms</Extensions>
    </Filter>
  </ItemGroup>
  <ItemGroup>
    <ClCompile Include="1406BOJ.cpp">
      <Filter>소스 파일</Filter>
    </ClCompile>
    <ClCompile Include="5397BOJ.cpp">
      <Filter>소스 파일</Filter>
    </ClCompile>
    <ClCompile Include="1158BOJ.cpp">
      <Filter>소스 파일</Filter>
    </ClCompile>
    <ClCompile Include="1874BOJ.cpp">
      <Filter>소스 파일</Filter>
    </ClCompile>
    <ClCompile Include="2493BOJ.cpp">
      <Filter>소스 파일</Filter>
    </ClCompile>
    <ClCompile Include="6198BOJ.cpp">
      <Filter>소스 파일</Filter>
    </ClCompile>
    <ClCompile Include="17298BOJ.cpp">
      <Filter>소스 파일</Filter>
    </ClCompile>
    <ClCompile Include="3015BOJ.cpp">
      <Filter>소스 파일</Filter>
    </ClCompile>
    <ClCompile Include="6549BOJ_미해결.cpp">
      <Filter>소스 파일</Filter>
    </ClCompile>
    <ClCompile Include="1021BOJ.cpp">
      <Filter>소스 파일</Filter>
    </ClCompile>
    <ClCompile Include="5430BOJ.cpp">
      <Filter>소스 파일</Filter>
    </ClCompile>
    <ClCompile Include="11003BOJ.cpp">
      <Filter>소스 파일</Filter>
    </ClCompile>
    <ClCompile Include="3986BOJ.cpp">
      <Filter>소스 파일</Filter>
    </ClCompile>
    <ClCompile Include="10799BOJ.cpp">
      <Filter>소스 파일</Filter>
    </ClCompile>
    <ClCompile Include="1926BOJ.cpp">
      <Filter>소스 파일</Filter>
    </ClCompile>
    <ClCompile Include="2504BOJ.cpp">
      <Filter>소스 파일</Filter>
    </ClCompile>
    <ClCompile Include="2178BOJ.cpp">
      <Filter>소스 파일</Filter>
    </ClCompile>
    <ClCompile Include="7576BOJ.cpp">
      <Filter>소스 파일</Filter>
    </ClCompile>
    <ClCompile Include="4179BOJ.cpp">
      <Filter>소스 파일</Filter>
    </ClCompile>
    <ClCompile Include="1697BOJ.cpp">
      <Filter>소스 파일</Filter>
    </ClCompile>
    <ClCompile Include="1012BOJ.cpp">
      <Filter>소스 파일</Filter>
    </ClCompile>
    <ClCompile Include="10026BOJ.cpp">
      <Filter>소스 파일</Filter>
    </ClCompile>
    <ClCompile Include="7569BOJ.cpp">
      <Filter>소스 파일</Filter>
    </ClCompile>
    <ClCompile Include="7562BOJ.cpp">
      <Filter>소스 파일</Filter>
    </ClCompile>
    <ClCompile Include="5427BOJ.cpp">
      <Filter>소스 파일</Filter>
    </ClCompile>
    <ClCompile Include="2583BOJ.cpp">
      <Filter>소스 파일</Filter>
    </ClCompile>
    <ClCompile Include="2667BOJ.cpp">
      <Filter>소스 파일</Filter>
    </ClCompile>
    <ClCompile Include="5014BOJ.cpp">
      <Filter>소스 파일</Filter>
    </ClCompile>
    <ClCompile Include="2468BOJ.cpp">
      <Filter>소스 파일</Filter>
    </ClCompile>
    <ClCompile Include="6593BOJ _상범 빌딩.cpp">
      <Filter>소스 파일</Filter>
    </ClCompile>
    <ClCompile Include="2206BOJ.cpp">
      <Filter>소스 파일</Filter>
    </ClCompile>
    <ClCompile Include="9466BOJ_텀프로젝트.cpp">
      <Filter>소스 파일</Filter>
    </ClCompile>
    <ClCompile Include="2573BOJ_빙산_미해결%28시간초과%29.cpp">
      <Filter>소스 파일</Filter>
    </ClCompile>
    <ClCompile Include="2573BOJ_빙산.cpp">
      <Filter>소스 파일</Filter>
    </ClCompile>
    <ClCompile Include="2146BOJ_다리 만들기.cpp">
      <Filter>소스 파일</Filter>
    </ClCompile>
    <ClCompile Include="2146BOJ_다리 만들기_ 별해.cpp">
      <Filter>소스 파일</Filter>
    </ClCompile>
    <ClCompile Include="12851BOJ_숨바꼭질2.cpp">
      <Filter>소스 파일</Filter>
    </ClCompile>
    <ClCompile Include="13549BOJ_숨바꼭질3.cpp">
      <Filter>소스 파일</Filter>
    </ClCompile>
    <ClCompile Include="13549BOJ_숨바꼭질3_별해_99%25.cpp">
      <Filter>소스 파일</Filter>
    </ClCompile>
    <ClCompile Include="1600BOJ_말이 되고픈 원숭이_미해결.cpp">
      <Filter>소스 파일</Filter>
    </ClCompile>
    <ClCompile Include="13913BOJ_숨바꼭질 4.cpp">
      <Filter>소스 파일</Filter>
    </ClCompile>
    <ClCompile Include="14442BOJ_벽 부수고 이동하기 2_미해결.cpp">
      <Filter>소스 파일</Filter>
    </ClCompile>
    <ClCompile Include="16933BOJ_벽 부수고 이동하기 3.cpp">
      <Filter>소스 파일</Filter>
    </ClCompile>
    <ClCompile Include="16920BOJ_확장 게임.cpp">
      <Filter>소스 파일</Filter>
    </ClCompile>
    <ClCompile Include="11967BOJ_불켜기.cpp">
      <Filter>소스 파일</Filter>
    </ClCompile>
    <ClCompile Include="17071BOJ_숨바꼭질 5.cpp">
      <Filter>소스 파일</Filter>
    </ClCompile>
    <ClCompile Include="9328BOJ_열쇠_미해결.cpp">
      <Filter>소스 파일</Filter>
    </ClCompile>
    <ClCompile Include="3197BOJ_백조의 호수.cpp">
      <Filter>소스 파일</Filter>
    </ClCompile>
    <ClCompile Include="20304BOJ_비밀번호 제작.cpp">
      <Filter>소스 파일</Filter>
    </ClCompile>
    <ClCompile Include="1629BOJ_곱셈.cpp">
      <Filter>소스 파일</Filter>
    </ClCompile>
    <ClCompile Include="11729BOJ_하노이 탑 이동 순서.cpp">
      <Filter>소스 파일</Filter>
    </ClCompile>
    <ClCompile Include="1074BOJ_Z.cpp">
      <Filter>소스 파일</Filter>
    </ClCompile>
    <ClCompile Include="17478BOJ_재귀함수가 뭔가요.cpp">
      <Filter>소스 파일</Filter>
    </ClCompile>
    <ClCompile Include="1780BOJ_종이의 개수.cpp">
      <Filter>소스 파일</Filter>
    </ClCompile>
    <ClCompile Include="2630BOJ_색종이 만들기.cpp">
      <Filter>소스 파일</Filter>
    </ClCompile>
    <ClCompile Include="1992BOJ_쿼드트리.cpp">
      <Filter>소스 파일</Filter>
    </ClCompile>
    <ClCompile Include="2447BOJ_별 찍기 - 10.cpp">
      <Filter>소스 파일</Filter>
    </ClCompile>
    <ClCompile Include="2448BOJ_별 찍기 - 11.cpp">
      <Filter>소스 파일</Filter>
    </ClCompile>
    <ClCompile Include="14956BOJ_Philosopher’s Walk_미해결.cpp">
      <Filter>소스 파일</Filter>
    </ClCompile>
    <ClCompile Include="1182 BOJ_부분수열의 합.cpp">
      <Filter>소스 파일</Filter>
    </ClCompile>
    <ClCompile Include="15649BOJ_N과 M (1).cpp">
      <Filter>소스 파일</Filter>
    </ClCompile>
    <ClCompile Include="15650BOJ_N과 M (2).cpp">
      <Filter>소스 파일</Filter>
    </ClCompile>
    <ClCompile Include="15651BOJ_N과 M (3).cpp">
      <Filter>소스 파일</Filter>
    </ClCompile>
    <ClCompile Include="9663BOJ_N-Queen.cpp">
      <Filter>소스 파일</Filter>
    </ClCompile>
    <ClCompile Include="15652BOJ_N과 M (4).cpp">
      <Filter>소스 파일</Filter>
    </ClCompile>
    <ClCompile Include="15654BOJ_N과 M (5).cpp">
      <Filter>소스 파일</Filter>
    </ClCompile>
    <ClCompile Include="15655BOJ_N과 M (6).cpp">
      <Filter>소스 파일</Filter>
    </ClCompile>
    <ClCompile Include="15656BOJ_N과 M (7).cpp">
      <Filter>소스 파일</Filter>
    </ClCompile>
    <ClCompile Include="1941BOJ_소문난 칠공주_어렵.cpp">
      <Filter>소스 파일</Filter>
    </ClCompile>
    <ClCompile Include="16987BOJ_계란으로 계란치기_노이해.cpp">
      <Filter>소스 파일</Filter>
    </ClCompile>
    <ClCompile Include="11728BOJ_배열 합치기.cpp">
      <Filter>소스 파일</Filter>
    </ClCompile>
    <ClCompile Include="15688BOJ_수 정렬하기 5.cpp">
      <Filter>소스 파일</Filter>
    </ClCompile>
    <ClCompile Include="11652BOJ_카드.cpp">
      <Filter>소스 파일</Filter>
    </ClCompile>
    <ClCompile Include="2750BOJ_수 정렬하기.cpp">
      <Filter>소스 파일</Filter>
    </ClCompile>
    <ClCompile Include="1431BOJ_시리얼 번호.cpp">
      <Filter>소스 파일</Filter>
    </ClCompile>
    <ClCompile Include="5648BOJ_역원소 정렬.cpp">
      <Filter>소스 파일</Filter>
    </ClCompile>
    <ClCompile Include="1181BOJ_단어 정렬.cpp">
      <Filter>소스 파일</Filter>
    </ClCompile>
    <ClCompile Include="2910BOJ_빈도 정렬.cpp">
      <Filter>소스 파일</Filter>
    </ClCompile>
    <ClCompile Include="7795BOJ_먹을 것인가 먹힐 것인가.cpp">
      <Filter>소스 파일</Filter>
    </ClCompile>
    <ClCompile Include="15683BOJ_감시.cpp">
      <Filter>소스 파일</Filter>
    </ClCompile>
    <ClCompile Include="18808BOJ_스티커 붙이기.cpp">
      <Filter>소스 파일</Filter>
    </ClCompile>
    <ClCompile Include="12100BOJ_2048 (Easy).cpp">
      <Filter>소스 파일</Filter>
    </ClCompile>
    <ClCompile Include="15686BOJ_치킨 배달.cpp">
      <Filter>소스 파일</Filter>
    </ClCompile>
    <ClCompile Include="1463BOJ_1로 만들기.cpp">
      <Filter>소스 파일</Filter>
    </ClCompile>
    <ClCompile Include="9095BOJ_1, 2, 3 더하기.cpp">
      <Filter>소스 파일</Filter>
    </ClCompile>
    <ClCompile Include="2579BOJ_계단 오르기.cpp">
      <Filter>소스 파일</Filter>
    </ClCompile>
    <ClCompile Include="2579BOJ_계단 오르기_뱔헤.cpp">
      <Filter>소스 파일</Filter>
    </ClCompile>
    <ClCompile Include="1149BOJ_RGB거리.cpp">
      <Filter>소스 파일</Filter>
    </ClCompile>
    <ClCompile Include="11726BOJ_2×n 타일링.cpp">
      <Filter>소스 파일</Filter>
    </ClCompile>
    <ClCompile Include="11659BOJ_구간 합 구하기 4.cpp">
      <Filter>소스 파일</Filter>
    </ClCompile>
    <ClCompile Include="12852BOJ_1로 만들기 2.cpp">
      <Filter>소스 파일</Filter>
    </ClCompile>
    <ClCompile Include="15663BOJ_N과 M (9).cpp">
      <Filter>소스 파일</Filter>
    </ClCompile>
    <ClCompile Include="11047BOJ_동전 0.cpp">
      <Filter>소스 파일</Filter>
    </ClCompile>
    <ClCompile Include="1931BOJ_회의실 배정.cpp">
      <Filter>소스 파일</Filter>
    </ClCompile>
    <ClCompile Include="2217BOJ_로프.cpp">
      <Filter>소스 파일</Filter>
    </ClCompile>
    <ClCompile Include="1026BOJ_보물.cpp">
      <Filter>소스 파일</Filter>
    </ClCompile>
    <ClCompile Include="12865BOJ_평범한 배낭.cpp">
      <Filter>소스 파일</Filter>
    </ClCompile>
    <ClCompile Include="15664BOJ_N과 M (10).cpp">
      <Filter>소스 파일</Filter>
    </ClCompile>
    <ClCompile Include="11559BOJ_Puyo Puyo.cpp">
      <Filter>소스 파일</Filter>
    </ClCompile>
    <ClCompile Include="1377BOJ_버블 소트.cpp">
      <Filter>소스 파일</Filter>
    </ClCompile>
    <ClCompile Include="1003BOJ_피보나치 함수.cpp">
      <Filter>소스 파일</Filter>
    </ClCompile>
    <ClCompile Include="15665BOJ_N과 M (11).cpp">
      <Filter>소스 파일</Filter>
    </ClCompile>
    <ClCompile Include="14891BOJ_톱니바퀴.cpp">
      <Filter>소스 파일</Filter>
    </ClCompile>
    <ClCompile Include="11653BOJ_소인수분해.cpp">
      <Filter>소스 파일</Filter>
    </ClCompile>
    <ClCompile Include="30445BOJ_행복 점수.cpp">
      <Filter>소스 파일</Filter>
    </ClCompile>
    <ClCompile Include="11050BOJ_이항계수 1.cpp">
      <Filter>소스 파일</Filter>
    </ClCompile>
    <ClCompile Include="11051BOJ_이항 계수 2.cpp">
      <Filter>소스 파일</Filter>
    </ClCompile>
    <ClCompile Include="1920BOJ_수 찾기.cpp">
      <Filter>소스 파일</Filter>
    </ClCompile>
    <ClCompile Include="10816BOJ_숫자 카드 2.cpp">
      <Filter>소스 파일</Filter>
    </ClCompile>
    <ClCompile Include="18870BOJ_좌표 압축.cpp">
      <Filter>소스 파일</Filter>
    </ClCompile>
    <ClCompile Include="2295BOJ_세 수의 합.cpp">
      <Filter>소스 파일</Filter>
    </ClCompile>
    <ClCompile Include="654BOJ_랜선자르기.cpp">
      <Filter>소스 파일</Filter>
    </ClCompile>
    <ClCompile Include="2230BOJ_수 고르기.cpp">
      <Filter>소스 파일</Filter>
    </ClCompile>
    <ClCompile Include="7785BOJ_회사에 있는 사람.cpp">
      <Filter>소스 파일</Filter>
    </ClCompile>
    <ClCompile Include="1620BOJ_나는야 포켓몬 마스터 이다솜.cpp">
      <Filter>소스 파일</Filter>
    </ClCompile>
    <ClCompile Include="1202BOJ_보석 도둑.cpp">
      <Filter>소스 파일</Filter>
    </ClCompile>
    <ClCompile Include="1476BOJ_날짜 계산.cpp">
      <Filter>소스 파일</Filter>
    </ClCompile>
    <ClCompile Include="15666BOJ_N 과 M (12).cpp">
      <Filter>소스 파일</Filter>
    </ClCompile>
    <ClCompile Include="1715BOJ_카드 정렬하기.cpp">
      <Filter>소스 파일</Filter>
    </ClCompile>
    <ClCompile Include="6603BOJ_로또.cpp">
      <Filter>소스 파일</Filter>
    </ClCompile>
    <ClCompile Include="14499BOJ_주사위 굴리기.cpp">
      <Filter>소스 파일</Filter>
    </ClCompile>
    <ClCompile Include="1759BOJ_암호 만들기.cpp">
      <Filter>소스 파일</Filter>
    </ClCompile>
    <ClCompile Include="BOJ2293_동전 1_미해결.cpp">
      <Filter>소스 파일</Filter>
    </ClCompile>
    <ClCompile Include="BOJ11399_ATM.cpp">
      <Filter>소스 파일</Filter>
    </ClCompile>
    <ClCompile Include="BOJ2457_공주님의 정원.cpp">
      <Filter>소스 파일</Filter>
    </ClCompile>
    <ClCompile Include="BOJ2457_잃어버린 괄호.cpp">
      <Filter>소스 파일</Filter>
    </ClCompile>
    <ClCompile Include="BOJ11501_주식.cpp">
      <Filter>소스 파일</Filter>
    </ClCompile>
    <ClCompile Include="BOJ1744_수 묶기.cpp">
      <Filter>소스 파일</Filter>
    </ClCompile>
    <ClCompile Include="BOJ2847_게임을 만든 동준이.cpp">
      <Filter>소스 파일</Filter>
    </ClCompile>
    <ClCompile Include="BOJ1439_뒤집기.cpp">
      <Filter>소스 파일</Filter>
    </ClCompile>
    <ClCompile Include="BOJ1978_소수 찾기.cpp">
      <Filter>소스 파일</Filter>
    </ClCompile>
    <ClCompile Include="BOJ1929_소수 구하기.cpp">
      <Filter>소스 파일</Filter>
    </ClCompile>
    <ClCompile Include="BOJ15894_수학은 체육과목 입니다.cpp">
      <Filter>소스 파일</Filter>
    </ClCompile>
    <ClCompile Include="BOJ4796_캠핑.cpp">
      <Filter>소스 파일</Filter>
    </ClCompile>
    <ClCompile Include="BOJ2960_에라토스테네스의 체.cpp">
      <Filter>소스 파일</Filter>
    </ClCompile>
    <ClCompile Include="BOJ1193_분수찾기.cpp">
      <Filter>소스 파일</Filter>
    </ClCompile>
    <ClCompile Include="BOJ4948_베르트랑 공준.cpp">
      <Filter>소스 파일</Filter>
    </ClCompile>
    <ClCompile Include="BOJ1676_팩토리얼 0의 개수.cpp">
      <Filter>소스 파일</Filter>
    </ClCompile>
    <ClCompile Include="BOJ9613_GCD 합.cpp">
      <Filter>소스 파일</Filter>
    </ClCompile>
    <ClCompile Include="BOJ2292_벌집.cpp">
      <Filter>소스 파일</Filter>
    </ClCompile>
    <ClCompile Include="BOJJ10093_숫자.cpp">
      <Filter>소스 파일</Filter>
    </ClCompile>
    <ClCompile Include="BOJ1267_핸드폰 요금.cpp">
      <Filter>소스 파일</Filter>
    </ClCompile>
    <ClCompile Include="BOJ10808_알파벳 개수.cpp">
      <Filter>소스 파일</Filter>
    </ClCompile>
    <ClCompile Include="BOJ2577_숫자의 개수.cpp">
      <Filter>소스 파일</Filter>
    </ClCompile>
    <ClCompile Include="BOJ1475_방 번호.cpp">
      <Filter>소스 파일</Filter>
    </ClCompile>
    <ClCompile Include="BOJ3273_두 수의 합.cpp">
      <Filter>소스 파일</Filter>
    </ClCompile>
    <ClCompile Include="BOJ10807_개수 세기.cpp">
      <Filter>소스 파일</Filter>
    </ClCompile>
    <ClCompile Include="BOJ13300_방 배정.cpp">
      <Filter>소스 파일</Filter>
    </ClCompile>
    <ClCompile Include="BOJ11328_Strfry.cpp">
      <Filter>소스 파일</Filter>
    </ClCompile>
    <ClCompile Include="BOJ1919_애너그램 만들기.cpp">
      <Filter>소스 파일</Filter>
    </ClCompile>
    <ClCompile Include="BOJ5397_키로거.cpp">
      <Filter>소스 파일</Filter>
    </ClCompile>
    <ClCompile Include="BOJ1158_요세푸스 문제.cpp">
      <Filter>소스 파일</Filter>
    </ClCompile>
    <ClCompile Include="BOJ10828_스택.cpp">
      <Filter>소스 파일</Filter>
    </ClCompile>
    <ClCompile Include="BOJ6198_옥상 정원 꾸미기.cpp">
      <Filter>소스 파일</Filter>
    </ClCompile>
    <ClCompile Include="BOJ10773_제로.cpp">
      <Filter>소스 파일</Filter>
    </ClCompile>
    <ClCompile Include="BOJ1874_스택 수열.cpp">
      <Filter>소스 파일</Filter>
    </ClCompile>
    <ClCompile Include="BOJ2493_탑.cpp">
      <Filter>소스 파일</Filter>
    </ClCompile>
    <ClCompile Include="BOJ10845_큐.cpp">
      <Filter>소스 파일</Filter>
    </ClCompile>
    <ClCompile Include="BOJ2164_카드2.cpp">
      <Filter>소스 파일</Filter>
    </ClCompile>
    <ClCompile Include="BOJ1021_회전하는 큐.cpp">
      <Filter>소스 파일</Filter>
    </ClCompile>
  </ItemGroup>
</Project>